
Microsoft Visual Studio Solution File, Format Version 12.00
# Visual Studio 15
VisualStudioVersion = 15.0.28307.779
MinimumVisualStudioVersion = 10.0.40219.1
Project("{FAE04EC0-301F-11D3-BF4B-00C04F79EFBC}") = "CompFirm", "CompFirm\CompFirm.csproj", "{21C85F6A-7981-4E19-AF86-25E034E08833}"
EndProject
Global
	GlobalSection(SolutionConfigurationPlatforms) = preSolution
		Debug|Any CPU = Debug|Any CPU
		Release|Any CPU = Release|Any CPU
	EndGlobalSection
	GlobalSection(ProjectConfigurationPlatforms) = postSolution
		{21C85F6A-7981-4E19-AF86-25E034E08833}.Debug|Any CPU.ActiveCfg = Debug|Any CPU
		{21C85F6A-7981-4E19-AF86-25E034E08833}.Debug|Any CPU.Build.0 = Debug|Any CPU
		{21C85F6A-7981-4E19-AF86-25E034E08833}.Release|Any CPU.ActiveCfg = Release|Any CPU
		{21C85F6A-7981-4E19-AF86-25E034E08833}.Release|Any CPU.Build.0 = Release|Any CPU
	EndGlobalSection
	GlobalSection(SolutionProperties) = preSolution
		HideSolutionNode = FALSE
	EndGlobalSection
	GlobalSection(ExtensibilityGlobals) = postSolution
		SolutionGuid = {7FC97ECC-4DD3-488E-85DD-D7C93F9157D7}
	EndGlobalSection
EndGlobal
